
Microsoft Visual Studio Solution File, Format Version 10.00
# Visual C++ Express 2008
Project("{8BC9CEB8-8B4A-11D0-8D11-00A0C91BC942}") = "hspide", "hspide.vcproj", "{17C79302-5E22-3869-875E-1FC75B88740D}"
	ProjectSection(ProjectDependencies) = postProject
		{D39E1373-2572-4717-BCF5-DF5C9F64256D} = {D39E1373-2572-4717-BCF5-DF5C9F64256D}
	EndProjectSection
EndProject
Project("{8BC9CEB8-8B4A-11D0-8D11-00A0C91BC942}") = "qt", "qt.vcproj", "{D39E1373-2572-4717-BCF5-DF5C9F64256D}"
EndProject
Global
	GlobalSection(SolutionConfigurationPlatforms) = preSolution
		Debug|Win32 = Debug|Win32
		Qt|Win32 = Qt|Win32
		Release|Win32 = Release|Win32
	EndGlobalSection
	GlobalSection(ProjectConfigurationPlatforms) = postSolution
		{17C79302-5E22-3869-875E-1FC75B88740D}.Debug|Win32.ActiveCfg = Debug|Win32
		{17C79302-5E22-3869-875E-1FC75B88740D}.Debug|Win32.Build.0 = Debug|Win32
		{17C79302-5E22-3869-875E-1FC75B88740D}.Qt|Win32.ActiveCfg = Debug|Win32
		{17C79302-5E22-3869-875E-1FC75B88740D}.Release|Win32.ActiveCfg = Release|Win32
		{17C79302-5E22-3869-875E-1FC75B88740D}.Release|Win32.Build.0 = Release|Win32
		{D39E1373-2572-4717-BCF5-DF5C9F64256D}.Debug|Win32.ActiveCfg = Debug|Win32
		{D39E1373-2572-4717-BCF5-DF5C9F64256D}.Debug|Win32.Build.0 = Debug|Win32
		{D39E1373-2572-4717-BCF5-DF5C9F64256D}.Qt|Win32.ActiveCfg = Update|Win32
		{D39E1373-2572-4717-BCF5-DF5C9F64256D}.Qt|Win32.Build.0 = Update|Win32
		{D39E1373-2572-4717-BCF5-DF5C9F64256D}.Release|Win32.ActiveCfg = Release|Win32
		{D39E1373-2572-4717-BCF5-DF5C9F64256D}.Release|Win32.Build.0 = Release|Win32
	EndGlobalSection
	GlobalSection(SolutionProperties) = preSolution
		HideSolutionNode = FALSE
	EndGlobalSection
EndGlobal
